// !$*UTF8*$!
{
	archiveVersion = 1;
	classes = {
	};
	objectVersion = 55;
	objects = {

/* Begin PBXBuildFile section */
		3F4B3832286B1DC000B9E2F1 /* AppDelegate.swift in Sources */ = {isa = PBXBuildFile; fileRef = 3F4B3831286B1DC000B9E2F1 /* AppDelegate.swift */; };
		3F4B3834286B1DC000B9E2F1 /* SceneDelegate.swift in Sources */ = {isa = PBXBuildFile; fileRef = 3F4B3833286B1DC000B9E2F1 /* SceneDelegate.swift */; };
		3F4B3839286B1DC000B9E2F1 /* Main.storyboard in Resources */ = {isa = PBXBuildFile; fileRef = 3F4B3837286B1DC000B9E2F1 /* Main.storyboard */; };
		3F4B383B286B1DC200B9E2F1 /* Assets.xcassets in Resources */ = {isa = PBXBuildFile; fileRef = 3F4B383A286B1DC200B9E2F1 /* Assets.xcassets */; };
		3F4B383E286B1DC200B9E2F1 /* LaunchScreen.storyboard in Resources */ = {isa = PBXBuildFile; fileRef = 3F4B383C286B1DC200B9E2F1 /* LaunchScreen.storyboard */; };
		3F4B3848286B372D00B9E2F1 /* HomeViewController.swift in Sources */ = {isa = PBXBuildFile; fileRef = 3F4B3847286B372D00B9E2F1 /* HomeViewController.swift */; };
		3F4B384B286B387E00B9E2F1 /* TableViewCell.swift in Sources */ = {isa = PBXBuildFile; fileRef = 3F4B3849286B387E00B9E2F1 /* TableViewCell.swift */; };
		3F4B384C286B387E00B9E2F1 /* TableViewCell.xib in Resources */ = {isa = PBXBuildFile; fileRef = 3F4B384A286B387E00B9E2F1 /* TableViewCell.xib */; };
		3F4B384F286B38FC00B9E2F1 /* UIView + Extension.swift in Sources */ = {isa = PBXBuildFile; fileRef = 3F4B384E286B38FC00B9E2F1 /* UIView + Extension.swift */; };
		3F4B3851286B3B3100B9E2F1 /* String+Extension.swift in Sources */ = {isa = PBXBuildFile; fileRef = 3F4B3850286B3B3100B9E2F1 /* String+Extension.swift */; };
		3F4B3854286B3C3B00B9E2F1 /* CardView.swift in Sources */ = {isa = PBXBuildFile; fileRef = 3F4B3853286B3C3B00B9E2F1 /* CardView.swift */; };
		3F4B3856286B87A500B9E2F1 /* ProductData.swift in Sources */ = {isa = PBXBuildFile; fileRef = 3F4B3855286B87A500B9E2F1 /* ProductData.swift */; };
		3F4B3858286B88D700B9E2F1 /* Constant.swift in Sources */ = {isa = PBXBuildFile; fileRef = 3F4B3857286B88D700B9E2F1 /* Constant.swift */; };
		3F4B385A286B921000B9E2F1 /* APiCaller.swift in Sources */ = {isa = PBXBuildFile; fileRef = 3F4B3859286B921000B9E2F1 /* APiCaller.swift */; };
		3F657F9F287DCBAE00F343FD /* DetailViewController.swift in Sources */ = {isa = PBXBuildFile; fileRef = 3F657F9E287DCBAE00F343FD /* DetailViewController.swift */; };
		3F657FA1287DCC6C00F343FD /* UIViewController + Extension.swift in Sources */ = {isa = PBXBuildFile; fileRef = 3F657FA0287DCC6C00F343FD /* UIViewController + Extension.swift */; };
		BA95BC5E978528953D174ACE /* Pods_MyMakeUpApp.framework in Frameworks */ = {isa = PBXBuildFile; fileRef = 6A9CA6C5CE6B493834C12EBB /* Pods_MyMakeUpApp.framework */; };
/* End PBXBuildFile section */

/* Begin PBXFileReference section */
		3F4B382E286B1DC000B9E2F1 /* MyMakeUpApp.app */ = {isa = PBXFileReference; explicitFileType = wrapper.application; includeInIndex = 0; path = MyMakeUpApp.app; sourceTree = BUILT_PRODUCTS_DIR; };
		3F4B3831286B1DC000B9E2F1 /* AppDelegate.swift */ = {isa = PBXFileReference; lastKnownFileType = sourcecode.swift; path = AppDelegate.swift; sourceTree = "<group>"; };
		3F4B3833286B1DC000B9E2F1 /* SceneDelegate.swift */ = {isa = PBXFileReference; lastKnownFileType = sourcecode.swift; path = SceneDelegate.swift; sourceTree = "<group>"; };
		3F4B3838286B1DC000B9E2F1 /* Base */ = {isa = PBXFileReference; lastKnownFileType = file.storyboard; name = Base; path = Base.lproj/Main.storyboard; sourceTree = "<group>"; };
		3F4B383A286B1DC200B9E2F1 /* Assets.xcassets */ = {isa = PBXFileReference; lastKnownFileType = folder.assetcatalog; path = Assets.xcassets; sourceTree = "<group>"; };
		3F4B383D286B1DC200B9E2F1 /* Base */ = {isa = PBXFileReference; lastKnownFileType = file.storyboard; name = Base; path = Base.lproj/LaunchScreen.storyboard; sourceTree = "<group>"; };
		3F4B383F286B1DC200B9E2F1 /* Info.plist */ = {isa = PBXFileReference; lastKnownFileType = text.plist.xml; path = Info.plist; sourceTree = "<group>"; };
		3F4B3847286B372D00B9E2F1 /* HomeViewController.swift */ = {isa = PBXFileReference; lastKnownFileType = sourcecode.swift; path = HomeViewController.swift; sourceTree = "<group>"; };
		3F4B3849286B387E00B9E2F1 /* TableViewCell.swift */ = {isa = PBXFileReference; lastKnownFileType = sourcecode.swift; path = TableViewCell.swift; sourceTree = "<group>"; };
		3F4B384A286B387E00B9E2F1 /* TableViewCell.xib */ = {isa = PBXFileReference; lastKnownFileType = file.xib; path = TableViewCell.xib; sourceTree = "<group>"; };
		3F4B384E286B38FC00B9E2F1 /* UIView + Extension.swift */ = {isa = PBXFileReference; lastKnownFileType = sourcecode.swift; path = "UIView + Extension.swift"; sourceTree = "<group>"; };
		3F4B3850286B3B3100B9E2F1 /* String+Extension.swift */ = {isa = PBXFileReference; lastKnownFileType = sourcecode.swift; path = "String+Extension.swift"; sourceTree = "<group>"; };
		3F4B3853286B3C3B00B9E2F1 /* CardView.swift */ = {isa = PBXFileReference; lastKnownFileType = sourcecode.swift; path = CardView.swift; sourceTree = "<group>"; };
		3F4B3855286B87A500B9E2F1 /* ProductData.swift */ = {isa = PBXFileReference; lastKnownFileType = sourcecode.swift; path = ProductData.swift; sourceTree = "<group>"; };
		3F4B3857286B88D700B9E2F1 /* Constant.swift */ = {isa = PBXFileReference; fileEncoding = 4; lastKnownFileType = sourcecode.swift; path = Constant.swift; sourceTree = "<group>"; };
		3F4B3859286B921000B9E2F1 /* APiCaller.swift */ = {isa = PBXFileReference; fileEncoding = 4; lastKnownFileType = sourcecode.swift; path = APiCaller.swift; sourceTree = "<group>"; };
		3F657F9E287DCBAE00F343FD /* DetailViewController.swift */ = {isa = PBXFileReference; lastKnownFileType = sourcecode.swift; path = DetailViewController.swift; sourceTree = "<group>"; };
		3F657FA0287DCC6C00F343FD /* UIViewController + Extension.swift */ = {isa = PBXFileReference; lastKnownFileType = sourcecode.swift; path = "UIViewController + Extension.swift"; sourceTree = "<group>"; };
		6A9CA6C5CE6B493834C12EBB /* Pods_MyMakeUpApp.framework */ = {isa = PBXFileReference; explicitFileType = wrapper.framework; includeInIndex = 0; path = Pods_MyMakeUpApp.framework; sourceTree = BUILT_PRODUCTS_DIR; };
		72EF05BDF97579B1653317FD /* Pods-MyMakeUpApp.debug.xcconfig */ = {isa = PBXFileReference; includeInIndex = 1; lastKnownFileType = text.xcconfig; name = "Pods-MyMakeUpApp.debug.xcconfig"; path = "Target Support Files/Pods-MyMakeUpApp/Pods-MyMakeUpApp.debug.xcconfig"; sourceTree = "<group>"; };
		76FA24D266F2017DABF9F5B2 /* Pods-MyMakeUpApp.release.xcconfig */ = {isa = PBXFileReference; includeInIndex = 1; lastKnownFileType = text.xcconfig; name = "Pods-MyMakeUpApp.release.xcconfig"; path = "Target Support Files/Pods-MyMakeUpApp/Pods-MyMakeUpApp.release.xcconfig"; sourceTree = "<group>"; };
/* End PBXFileReference section */

/* Begin PBXFrameworksBuildPhase section */
		3F4B382B286B1DC000B9E2F1 /* Frameworks */ = {
			isa = PBXFrameworksBuildPhase;
			buildActionMask = 2147483647;
			files = (
				BA95BC5E978528953D174ACE /* Pods_MyMakeUpApp.framework in Frameworks */,
			);
			runOnlyForDeploymentPostprocessing = 0;
		};
/* End PBXFrameworksBuildPhase section */

/* Begin PBXGroup section */
		3F4B3825286B1DC000B9E2F1 = {
			isa = PBXGroup;
			children = (
				3F4B3830286B1DC000B9E2F1 /* MyMakeUpApp */,
				3F4B382F286B1DC000B9E2F1 /* Products */,
				C3E466663762C92B4CF3CEA8 /* Pods */,
				F727DDFC89E5B45AC366D928 /* Frameworks */,
			);
			sourceTree = "<group>";
		};
		3F4B382F286B1DC000B9E2F1 /* Products */ = {
			isa = PBXGroup;
			children = (
				3F4B382E286B1DC000B9E2F1 /* MyMakeUpApp.app */,
			);
			name = Products;
			sourceTree = "<group>";
		};
		3F4B3830286B1DC000B9E2F1 /* MyMakeUpApp */ = {
			isa = PBXGroup;
			children = (
				3F4B3852286B3C2500B9E2F1 /* View */,
				3F4B384D286B38CE00B9E2F1 /* Extensions */,
				3F4B3846286B370A00B9E2F1 /* Models */,
				3F4B3845286B366A00B9E2F1 /* Controllers */,
				3F4B3831286B1DC000B9E2F1 /* AppDelegate.swift */,
				3F4B3833286B1DC000B9E2F1 /* SceneDelegate.swift */,
				3F4B3837286B1DC000B9E2F1 /* Main.storyboard */,
				3F4B383A286B1DC200B9E2F1 /* Assets.xcassets */,
				3F4B383C286B1DC200B9E2F1 /* LaunchScreen.storyboard */,
				3F4B383F286B1DC200B9E2F1 /* Info.plist */,
				3F4B3849286B387E00B9E2F1 /* TableViewCell.swift */,
				3F4B384A286B387E00B9E2F1 /* TableViewCell.xib */,
			);
			path = MyMakeUpApp;
			sourceTree = "<group>";
		};
		3F4B3845286B366A00B9E2F1 /* Controllers */ = {
			isa = PBXGroup;
			children = (
				3F4B3847286B372D00B9E2F1 /* HomeViewController.swift */,
				3F657F9E287DCBAE00F343FD /* DetailViewController.swift */,
			);
			path = Controllers;
			sourceTree = "<group>";
		};
		3F4B3846286B370A00B9E2F1 /* Models */ = {
			isa = PBXGroup;
			children = (
				3F4B3857286B88D700B9E2F1 /* Constant.swift */,
				3F4B3855286B87A500B9E2F1 /* ProductData.swift */,
				3F4B3859286B921000B9E2F1 /* APiCaller.swift */,
			);
			path = Models;
			sourceTree = "<group>";
		};
		3F4B384D286B38CE00B9E2F1 /* Extensions */ = {
			isa = PBXGroup;
			children = (
				3F4B384E286B38FC00B9E2F1 /* UIView + Extension.swift */,
				3F4B3850286B3B3100B9E2F1 /* String+Extension.swift */,
				3F657FA0287DCC6C00F343FD /* UIViewController + Extension.swift */,
			);
			path = Extensions;
			sourceTree = "<group>";
		};
		3F4B3852286B3C2500B9E2F1 /* View */ = {
			isa = PBXGroup;
			children = (
				3F4B3853286B3C3B00B9E2F1 /* CardView.swift */,
			);
			path = View;
			sourceTree = "<group>";
		};
		C3E466663762C92B4CF3CEA8 /* Pods */ = {
			isa = PBXGroup;
			children = (
				72EF05BDF97579B1653317FD /* Pods-MyMakeUpApp.debug.xcconfig */,
				76FA24D266F2017DABF9F5B2 /* Pods-MyMakeUpApp.release.xcconfig */,
			);
			path = Pods;
			sourceTree = "<group>";
		};
		F727DDFC89E5B45AC366D928 /* Frameworks */ = {
			isa = PBXGroup;
			children = (
				6A9CA6C5CE6B493834C12EBB /* Pods_MyMakeUpApp.framework */,
			);
			name = Frameworks;
			sourceTree = "<group>";
		};
/* End PBXGroup section */

/* Begin PBXNativeTarget section */
		3F4B382D286B1DC000B9E2F1 /* MyMakeUpApp */ = {
			isa = PBXNativeTarget;
			buildConfigurationList = 3F4B3842286B1DC200B9E2F1 /* Build configuration list for PBXNativeTarget "MyMakeUpApp" */;
			buildPhases = (
				F0B86D1882AFCE5C23E6632F /* [CP] Check Pods Manifest.lock */,
				3F4B382A286B1DC000B9E2F1 /* Sources */,
				3F4B382B286B1DC000B9E2F1 /* Frameworks */,
				3F4B382C286B1DC000B9E2F1 /* Resources */,
				6EF89389C1F7887610A5A644 /* [CP] Embed Pods Frameworks */,
			);
			buildRules = (
			);
			dependencies = (
			);
			name = MyMakeUpApp;
			productName = MyMakeUpApp;
			productReference = 3F4B382E286B1DC000B9E2F1 /* MyMakeUpApp.app */;
			productType = "com.apple.product-type.application";
		};
/* End PBXNativeTarget section */

/* Begin PBXProject section */
		3F4B3826286B1DC000B9E2F1 /* Project object */ = {
			isa = PBXProject;
			attributes = {
				BuildIndependentTargetsInParallel = 1;
				LastSwiftUpdateCheck = 1340;
				LastUpgradeCheck = 1340;
				TargetAttributes = {
					3F4B382D286B1DC000B9E2F1 = {
						CreatedOnToolsVersion = 13.4.1;
					};
				};
			};
			buildConfigurationList = 3F4B3829286B1DC000B9E2F1 /* Build configuration list for PBXProject "MyMakeUpApp" */;
			compatibilityVersion = "Xcode 13.0";
			developmentRegion = en;
			hasScannedForEncodings = 0;
			knownRegions = (
				en,
				Base,
			);
			mainGroup = 3F4B3825286B1DC000B9E2F1;
			productRefGroup = 3F4B382F286B1DC000B9E2F1 /* Products */;
			projectDirPath = "";
			projectRoot = "";
			targets = (
				3F4B382D286B1DC000B9E2F1 /* MyMakeUpApp */,
			);
		};
/* End PBXProject section */

/* Begin PBXResourcesBuildPhase section */
		3F4B382C286B1DC000B9E2F1 /* Resources */ = {
			isa = PBXResourcesBuildPhase;
			buildActionMask = 2147483647;
			files = (
				3F4B383E286B1DC200B9E2F1 /* LaunchScreen.storyboard in Resources */,
				3F4B384C286B387E00B9E2F1 /* TableViewCell.xib in Resources */,
				3F4B383B286B1DC200B9E2F1 /* Assets.xcassets in Resources */,
				3F4B3839286B1DC000B9E2F1 /* Main.storyboard in Resources */,
			);
			runOnlyForDeploymentPostprocessing = 0;
		};
/* End PBXResourcesBuildPhase section */

/* Begin PBXShellScriptBuildPhase section */
		6EF89389C1F7887610A5A644 /* [CP] Embed Pods Frameworks */ = {
			isa = PBXShellScriptBuildPhase;
			buildActionMask = 2147483647;
			files = (
			);
			inputFileListPaths = (
				"${PODS_ROOT}/Target Support Files/Pods-MyMakeUpApp/Pods-MyMakeUpApp-frameworks-${CONFIGURATION}-input-files.xcfilelist",
			);
			name = "[CP] Embed Pods Frameworks";
			outputFileListPaths = (
				"${PODS_ROOT}/Target Support Files/Pods-MyMakeUpApp/Pods-MyMakeUpApp-frameworks-${CONFIGURATION}-output-files.xcfilelist",
			);
			runOnlyForDeploymentPostprocessing = 0;
			shellPath = /bin/sh;
			shellScript = "\"${PODS_ROOT}/Target Support Files/Pods-MyMakeUpApp/Pods-MyMakeUpApp-frameworks.sh\"\n";
			showEnvVarsInLog = 0;
		};
		F0B86D1882AFCE5C23E6632F /* [CP] Check Pods Manifest.lock */ = {
			isa = PBXShellScriptBuildPhase;
			buildActionMask = 2147483647;
			files = (
			);
			inputFileListPaths = (
			);
			inputPaths = (
				"${PODS_PODFILE_DIR_PATH}/Podfile.lock",
				"${PODS_ROOT}/Manifest.lock",
			);
			name = "[CP] Check Pods Manifest.lock";
			outputFileListPaths = (
			);
			outputPaths = (
				"$(DERIVED_FILE_DIR)/Pods-MyMakeUpApp-checkManifestLockResult.txt",
			);
			runOnlyForDeploymentPostprocessing = 0;
			shellPath = /bin/sh;
			shellScript = "diff \"${PODS_PODFILE_DIR_PATH}/Podfile.lock\" \"${PODS_ROOT}/Manifest.lock\" > /dev/null\nif [ $? != 0 ] ; then\n    # print error to STDERR\n    echo \"error: The sandbox is not in sync with the Podfile.lock. Run 'pod install' or update your CocoaPods installation.\" >&2\n    exit 1\nfi\n# This output is used by Xcode 'outputs' to avoid re-running this script phase.\necho \"SUCCESS\" > \"${SCRIPT_OUTPUT_FILE_0}\"\n";
			showEnvVarsInLog = 0;
		};
/* End PBXShellScriptBuildPhase section */

/* Begin PBXSourcesBuildPhase section */
		3F4B382A286B1DC000B9E2F1 /* Sources */ = {
			isa = PBXSourcesBuildPhase;
			buildActionMask = 2147483647;
			files = (
				3F657F9F287DCBAE00F343FD /* DetailViewController.swift in Sources */,
				3F4B3854286B3C3B00B9E2F1 /* CardView.swift in Sources */,
				3F4B3832286B1DC000B9E2F1 /* AppDelegate.swift in Sources */,
				3F4B3858286B88D700B9E2F1 /* Constant.swift in Sources */,
				3F4B384B286B387E00B9E2F1 /* TableViewCell.swift in Sources */,
				3F4B3834286B1DC000B9E2F1 /* SceneDelegate.swift in Sources */,
				3F4B384F286B38FC00B9E2F1 /* UIView + Extension.swift in Sources */,
				3F4B3851286B3B3100B9E2F1 /* String+Extension.swift in Sources */,
				3F4B3848286B372D00B9E2F1 /* HomeViewController.swift in Sources */,
				3F4B3856286B87A500B9E2F1 /* ProductData.swift in Sources */,
				3F657FA1287DCC6C00F343FD /* UIViewController + Extension.swift in Sources */,
				3F4B385A286B921000B9E2F1 /* APiCaller.swift in Sources */,
			);
			runOnlyForDeploymentPostprocessing = 0;
		};
/* End PBXSourcesBuildPhase section */

/* Begin PBXVariantGroup section */
		3F4B3837286B1DC000B9E2F1 /* Main.storyboard */ = {
			isa = PBXVariantGroup;
			children = (
				3F4B3838286B1DC000B9E2F1 /* Base */,
			);
			name = Main.storyboard;
			sourceTree = "<group>";
		};
		3F4B383C286B1DC200B9E2F1 /* LaunchScreen.storyboard */ = {
			isa = PBXVariantGroup;
			children = (
				3F4B383D286B1DC200B9E2F1 /* Base */,
			);
			name = LaunchScreen.storyboard;
			sourceTree = "<group>";
		};
/* End PBXVariantGroup section */

/* Begin XCBuildConfiguration section */
		3F4B3840286B1DC200B9E2F1 /* Debug */ = {
			isa = XCBuildConfiguration;
			buildSettings = {
				ALWAYS_SEARCH_USER_PATHS = NO;
				CLANG_ANALYZER_NONNULL = YES;
				CLANG_ANALYZER_NUMBER_OBJECT_CONVERSION = YES_AGGRESSIVE;
				CLANG_CXX_LANGUAGE_STANDARD = "gnu++17";
				CLANG_ENABLE_MODULES = YES;
				CLANG_ENABLE_OBJC_ARC = YES;
				CLANG_ENABLE_OBJC_WEAK = YES;
				CLANG_WARN_BLOCK_CAPTURE_AUTORELEASING = YES;
				CLANG_WARN_BOOL_CONVERSION = YES;
				CLANG_WARN_COMMA = YES;
				CLANG_WARN_CONSTANT_CONVERSION = YES;
				CLANG_WARN_DEPRECATED_OBJC_IMPLEMENTATIONS = YES;
				CLANG_WARN_DIRECT_OBJC_ISA_USAGE = YES_ERROR;
				CLANG_WARN_DOCUMENTATION_COMMENTS = YES;
				CLANG_WARN_EMPTY_BODY = YES;
				CLANG_WARN_ENUM_CONVERSION = YES;
				CLANG_WARN_INFINITE_RECURSION = YES;
				CLANG_WARN_INT_CONVERSION = YES;
				CLANG_WARN_NON_LITERAL_NULL_CONVERSION = YES;
				CLANG_WARN_OBJC_IMPLICIT_RETAIN_SELF = YES;
				CLANG_WARN_OBJC_LITERAL_CONVERSION = YES;
				CLANG_WARN_OBJC_ROOT_CLASS = YES_ERROR;
				CLANG_WARN_QUOTED_INCLUDE_IN_FRAMEWORK_HEADER = YES;
				CLANG_WARN_RANGE_LOOP_ANALYSIS = YES;
				CLANG_WARN_STRICT_PROTOTYPES = YES;
				CLANG_WARN_SUSPICIOUS_MOVE = YES;
				CLANG_WARN_UNGUARDED_AVAILABILITY = YES_AGGRESSIVE;
				CLANG_WARN_UNREACHABLE_CODE = YES;
				CLANG_WARN__DUPLICATE_METHOD_MATCH = YES;
				COPY_PHASE_STRIP = NO;
				DEBUG_INFORMATION_FORMAT = dwarf;
				ENABLE_STRICT_OBJC_MSGSEND = YES;
				ENABLE_TESTABILITY = YES;
				GCC_C_LANGUAGE_STANDARD = gnu11;
				GCC_DYNAMIC_NO_PIC = NO;
				GCC_NO_COMMON_BLOCKS = YES;
				GCC_OPTIMIZATION_LEVEL = 0;
				GCC_PREPROCESSOR_DEFINITIONS = (
					"DEBUG=1",
					"$(inherited)",
				);
				GCC_WARN_64_TO_32_BIT_CONVERSION = YES;
				GCC_WARN_ABOUT_RETURN_TYPE = YES_ERROR;
				GCC_WARN_UNDECLARED_SELECTOR = YES;
				GCC_WARN_UNINITIALIZED_AUTOS = YES_AGGRESSIVE;
				GCC_WARN_UNUSED_FUNCTION = YES;
				GCC_WARN_UNUSED_VARIABLE = YES;
				IPHONEOS_DEPLOYMENT_TARGET = 15.5;
				MTL_ENABLE_DEBUG_INFO = INCLUDE_SOURCE;
				MTL_FAST_MATH = YES;
				ONLY_ACTIVE_ARCH = YES;
				SDKROOT = iphoneos;
				SWIFT_ACTIVE_COMPILATION_CONDITIONS = DEBUG;
				SWIFT_OPTIMIZATION_LEVEL = "-Onone";
			};
			name = Debug;
		};
		3F4B3841286B1DC200B9E2F1 /* Release */ = {
			isa = XCBuildConfiguration;
			buildSettings = {
				ALWAYS_SEARCH_USER_PATHS = NO;
				CLANG_ANALYZER_NONNULL = YES;
				CLANG_ANALYZER_NUMBER_OBJECT_CONVERSION = YES_AGGRESSIVE;
				CLANG_CXX_LANGUAGE_STANDARD = "gnu++17";
				CLANG_ENABLE_MODULES = YES;
				CLANG_ENABLE_OBJC_ARC = YES;
				CLANG_ENABLE_OBJC_WEAK = YES;
				CLANG_WARN_BLOCK_CAPTURE_AUTORELEASING = YES;
				CLANG_WARN_BOOL_CONVERSION = YES;
				CLANG_WARN_COMMA = YES;
				CLANG_WARN_CONSTANT_CONVERSION = YES;
				CLANG_WARN_DEPRECATED_OBJC_IMPLEMENTATIONS = YES;
				CLANG_WARN_DIRECT_OBJC_ISA_USAGE = YES_ERROR;
				CLANG_WARN_DOCUMENTATION_COMMENTS = YES;
				CLANG_WARN_EMPTY_BODY = YES;
				CLANG_WARN_ENUM_CONVERSION = YES;
				CLANG_WARN_INFINITE_RECURSION = YES;
				CLANG_WARN_INT_CONVERSION = YES;
				CLANG_WARN_NON_LITERAL_NULL_CONVERSION = YES;
				CLANG_WARN_OBJC_IMPLICIT_RETAIN_SELF = YES;
				CLANG_WARN_OBJC_LITERAL_CONVERSION = YES;
				CLANG_WARN_OBJC_ROOT_CLASS = YES_ERROR;
				CLANG_WARN_QUOTED_INCLUDE_IN_FRAMEWORK_HEADER = YES;
				CLANG_WARN_RANGE_LOOP_ANALYSIS = YES;
				CLANG_WARN_STRICT_PROTOTYPES = YES;
				CLANG_WARN_SUSPICIOUS_MOVE = YES;
				CLANG_WARN_UNGUARDED_AVAILABILITY = YES_AGGRESSIVE;
				CLANG_WARN_UNREACHABLE_CODE = YES;
				CLANG_WARN__DUPLICATE_METHOD_MATCH = YES;
				COPY_PHASE_STRIP = NO;
				DEBUG_INFORMATION_FORMAT = "dwarf-with-dsym";
				ENABLE_NS_ASSERTIONS = NO;
				ENABLE_STRICT_OBJC_MSGSEND = YES;
				GCC_C_LANGUAGE_STANDARD = gnu11;
				GCC_NO_COMMON_BLOCKS = YES;
				GCC_WARN_64_TO_32_BIT_CONVERSION = YES;
				GCC_WARN_ABOUT_RETURN_TYPE = YES_ERROR;
				GCC_WARN_UNDECLARED_SELECTOR = YES;
				GCC_WARN_UNINITIALIZED_AUTOS = YES_AGGRESSIVE;
				GCC_WARN_UNUSED_FUNCTION = YES;
				GCC_WARN_UNUSED_VARIABLE = YES;
				IPHONEOS_DEPLOYMENT_TARGET = 15.5;
				MTL_ENABLE_DEBUG_INFO = NO;
				MTL_FAST_MATH = YES;
				SDKROOT = iphoneos;
				SWIFT_COMPILATION_MODE = wholemodule;
				SWIFT_OPTIMIZATION_LEVEL = "-O";
				VALIDATE_PRODUCT = YES;
			};
			name = Release;
		};
		3F4B3843286B1DC200B9E2F1 /* Debug */ = {
			isa = XCBuildConfiguration;
			baseConfigurationReference = 72EF05BDF97579B1653317FD /* Pods-MyMakeUpApp.debug.xcconfig */;
			buildSettings = {
				ASSETCATALOG_COMPILER_APPICON_NAME = AppIcon;
				ASSETCATALOG_COMPILER_GLOBAL_ACCENT_COLOR_NAME = AccentColor;
				CODE_SIGN_STYLE = Automatic;
				CURRENT_PROJECT_VERSION = 1;
				DEVELOPMENT_TEAM = N6CSQ2SD78;
				GENERATE_INFOPLIST_FILE = YES;
				INFOPLIST_FILE = MyMakeUpApp/Info.plist;
				INFOPLIST_KEY_UIApplicationSupportsIndirectInputEvents = YES;
				INFOPLIST_KEY_UILaunchStoryboardName = LaunchScreen;
				INFOPLIST_KEY_UIMainStoryboardFile = Main;
				INFOPLIST_KEY_UISupportedInterfaceOrientations_iPhone = "UIInterfaceOrientationPortrait UIInterfaceOrientationPortrait UIInterfaceOrientationLandscapeLeft UIInterfaceOrientationLandscapeRight";
				LD_RUNPATH_SEARCH_PATHS = (
					"$(inherited)",
					"@executable_path/Frameworks",
				);
				MARKETING_VERSION = 1.0;
				PRODUCT_BUNDLE_IDENTIFIER = "Jennifer-Chukuemeka.MyMakeUpApp";
				PRODUCT_NAME = "$(TARGET_NAME)";
				SWIFT_EMIT_LOC_STRINGS = YES;
				SWIFT_VERSION = 5.0;
				TARGETED_DEVICE_FAMILY = "1,2";
			};
			name = Debug;
		};
		3F4B3844286B1DC200B9E2F1 /* Release */ = {
			isa = XCBuildConfiguration;
			baseConfigurationReference = 76FA24D266F2017DABF9F5B2 /* Pods-MyMakeUpApp.release.xcconfig */;
			buildSettings = {
				ASSETCATALOG_COMPILER_APPICON_NAME = AppIcon;
				ASSETCATALOG_COMPILER_GLOBAL_ACCENT_COLOR_NAME = AccentColor;
				CODE_SIGN_STYLE = Automatic;
				CURRENT_PROJECT_VERSION = 1;
				DEVELOPMENT_TEAM = N6CSQ2SD78;
				GENERATE_INFOPLIST_FILE = YES;
				INFOPLIST_FILE = MyMakeUpApp/Info.plist;
				INFOPLIST_KEY_UIApplicationSupportsIndirectInputEvents = YES;
				INFOPLIST_KEY_UILaunchStoryboardName = LaunchScreen;
				INFOPLIST_KEY_UIMainStoryboardFile = Main;
				INFOPLIST_KEY_UISupportedInterfaceOrientations_iPhone = "UIInterfaceOrientationPortrait UIInterfaceOrientationPortrait UIInterfaceOrientationLandscapeLeft UIInterfaceOrientationLandscapeRight";
				LD_RUNPATH_SEARCH_PATHS = (
					"$(inherited)",
					"@executable_path/Frameworks",
				);
				MARKETING_VERSION = 1.0;
				PRODUCT_BUNDLE_IDENTIFIER = "Jennifer-Chukuemeka.MyMakeUpApp";
				PRODUCT_NAME = "$(TARGET_NAME)";
				SWIFT_EMIT_LOC_STRINGS = YES;
				SWIFT_VERSION = 5.0;
				TARGETED_DEVICE_FAMILY = "1,2";
			};
			name = Release;
		};
/* End XCBuildConfiguration section */

/* Begin XCConfigurationList section */
		3F4B3829286B1DC000B9E2F1 /* Build configuration list for PBXProject "MyMakeUpApp" */ = {
			isa = XCConfigurationList;
			buildConfigurations = (
				3F4B3840286B1DC200B9E2F1 /* Debug */,
				3F4B3841286B1DC200B9E2F1 /* Release */,
			);
			defaultConfigurationIsVisible = 0;
			defaultConfigurationName = Release;
		};
		3F4B3842286B1DC200B9E2F1 /* Build configuration list for PBXNativeTarget "MyMakeUpApp" */ = {
			isa = XCConfigurationList;
			buildConfigurations = (
				3F4B3843286B1DC200B9E2F1 /* Debug */,
				3F4B3844286B1DC200B9E2F1 /* Release */,
			);
			defaultConfigurationIsVisible = 0;
			defaultConfigurationName = Release;
		};
/* End XCConfigurationList section */
	};
	rootObject = 3F4B3826286B1DC000B9E2F1 /* Project object */;
}
